
Microsoft Visual Studio Solution File, Format Version 12.00
# Visual Studio Version 16
VisualStudioVersion = 16.0.31321.278
MinimumVisualStudioVersion = 10.0.40219.1
Project("{2150E333-8FDC-42A3-9474-1A3956D46DE8}") = "01. Core", "01. Core", "{9DB7BBB5-EEEB-4031-B3E2-A4FCB9CD53A6}"
EndProject
Project("{2150E333-8FDC-42A3-9474-1A3956D46DE8}") = "02. Infrastructure", "02. Infrastructure", "{953DE187-0701-44F9-A431-FF359190617B}"
EndProject
Project("{2150E333-8FDC-42A3-9474-1A3956D46DE8}") = "03. Applications", "03. Applications", "{EE5E1E19-814F-4701-8A6A-7188DC4A7C22}"
EndProject
Project("{9A19103F-16F7-4668-BE54-9A1E7A4F7556}") = "Core.DomainModel", "01. Core\Core.DomainModel\Core.DomainModel.csproj", "{AFF88E00-E9BF-4F1E-BE78-F855D6F88C3C}"
EndProject
Project("{9A19103F-16F7-4668-BE54-9A1E7A4F7556}") = "Infra.ApplicationServices", "02. Infrastructure\Infra.ApplicationServices\Infra.ApplicationServices.csproj", "{E74182ED-D79B-40B0-9C28-B15D713F8405}"
EndProject
Project("{9A19103F-16F7-4668-BE54-9A1E7A4F7556}") = "App.Api", "03. Applications\App.Api\App.Api.csproj", "{C846CE83-E695-4081-829B-43986EDD79C5}"
EndProject
Project("{9A19103F-16F7-4668-BE54-9A1E7A4F7556}") = "Infra.Dal", "02. Infrastructure\Infra.Dal\Infra.Dal.csproj", "{510B05B5-539A-4184-A500-1430A09A9949}"
EndProject
Global
	GlobalSection(SolutionConfigurationPlatforms) = preSolution
		Debug|Any CPU = Debug|Any CPU
		Release|Any CPU = Release|Any CPU
	EndGlobalSection
	GlobalSection(ProjectConfigurationPlatforms) = postSolution
		{AFF88E00-E9BF-4F1E-BE78-F855D6F88C3C}.Debug|Any CPU.ActiveCfg = Debug|Any CPU
		{AFF88E00-E9BF-4F1E-BE78-F855D6F88C3C}.Debug|Any CPU.Build.0 = Debug|Any CPU
		{AFF88E00-E9BF-4F1E-BE78-F855D6F88C3C}.Release|Any CPU.ActiveCfg = Release|Any CPU
		{AFF88E00-E9BF-4F1E-BE78-F855D6F88C3C}.Release|Any CPU.Build.0 = Release|Any CPU
		{E74182ED-D79B-40B0-9C28-B15D713F8405}.Debug|Any CPU.ActiveCfg = Debug|Any CPU
		{E74182ED-D79B-40B0-9C28-B15D713F8405}.Debug|Any CPU.Build.0 = Debug|Any CPU
		{E74182ED-D79B-40B0-9C28-B15D713F8405}.Release|Any CPU.ActiveCfg = Release|Any CPU
		{E74182ED-D79B-40B0-9C28-B15D713F8405}.Release|Any CPU.Build.0 = Release|Any CPU
		{C846CE83-E695-4081-829B-43986EDD79C5}.Debug|Any CPU.ActiveCfg = Debug|Any CPU
		{C846CE83-E695-4081-829B-43986EDD79C5}.Debug|Any CPU.Build.0 = Debug|Any CPU
		{C846CE83-E695-4081-829B-43986EDD79C5}.Release|Any CPU.ActiveCfg = Release|Any CPU
		{C846CE83-E695-4081-829B-43986EDD79C5}.Release|Any CPU.Build.0 = Release|Any CPU
		{510B05B5-539A-4184-A500-1430A09A9949}.Debug|Any CPU.ActiveCfg = Debug|Any CPU
		{510B05B5-539A-4184-A500-1430A09A9949}.Debug|Any CPU.Build.0 = Debug|Any CPU
		{510B05B5-539A-4184-A500-1430A09A9949}.Release|Any CPU.ActiveCfg = Release|Any CPU
		{510B05B5-539A-4184-A500-1430A09A9949}.Release|Any CPU.Build.0 = Release|Any CPU
	EndGlobalSection
	GlobalSection(SolutionProperties) = preSolution
		HideSolutionNode = FALSE
	EndGlobalSection
	GlobalSection(NestedProjects) = preSolution
		{AFF88E00-E9BF-4F1E-BE78-F855D6F88C3C} = {9DB7BBB5-EEEB-4031-B3E2-A4FCB9CD53A6}
		{E74182ED-D79B-40B0-9C28-B15D713F8405} = {953DE187-0701-44F9-A431-FF359190617B}
		{C846CE83-E695-4081-829B-43986EDD79C5} = {EE5E1E19-814F-4701-8A6A-7188DC4A7C22}
		{510B05B5-539A-4184-A500-1430A09A9949} = {953DE187-0701-44F9-A431-FF359190617B}
	EndGlobalSection
	GlobalSection(ExtensibilityGlobals) = postSolution
		SolutionGuid = {CD5C9ECF-A172-4B28-945A-0CCD397272B8}
	EndGlobalSection
EndGlobal
